
Microsoft Visual Studio Solution File, Format Version 12.00
# Visual Studio Version 16
VisualStudioVersion = 16.0.31129.286
MinimumVisualStudioVersion = 10.0.40219.1
Project("{FAE04EC0-301F-11D3-BF4B-00C04F79EFBC}") = "ModuloQuatroRevisao1", "ModuloQuatroRevisao1\ModuloQuatroRevisao1.csproj", "{6A6B77AB-ADAE-4F5A-A264-879928604296}"
EndProject
Global
	GlobalSection(SolutionConfigurationPlatforms) = preSolution
		Debug|Any CPU = Debug|Any CPU
		Release|Any CPU = Release|Any CPU
	EndGlobalSection
	GlobalSection(ProjectConfigurationPlatforms) = postSolution
		{6A6B77AB-ADAE-4F5A-A264-879928604296}.Debug|Any CPU.ActiveCfg = Debug|Any CPU
		{6A6B77AB-ADAE-4F5A-A264-879928604296}.Debug|Any CPU.Build.0 = Debug|Any CPU
		{6A6B77AB-ADAE-4F5A-A264-879928604296}.Release|Any CPU.ActiveCfg = Release|Any CPU
		{6A6B77AB-ADAE-4F5A-A264-879928604296}.Release|Any CPU.Build.0 = Release|Any CPU
	EndGlobalSection
	GlobalSection(SolutionProperties) = preSolution
		HideSolutionNode = FALSE
	EndGlobalSection
	GlobalSection(ExtensibilityGlobals) = postSolution
		SolutionGuid = {8E1A9D1B-2D59-4BC9-B95A-8FC9FAEDF0BA}
	EndGlobalSection
EndGlobal
